
Microsoft Visual Studio Solution File, Format Version 12.00
# Visual Studio 2013
VisualStudioVersion = 12.0.30723.0
MinimumVisualStudioVersion = 10.0.40219.1
Project("{2150E333-8FDC-42A3-9474-1A3956D46DE8}") = "Solution Items", "Solution Items", "{D20C9378-782E-4BB3-ABC7-0DB546A55B1D}"
	ProjectSection(SolutionItems) = preProject
		.gitignore = .gitignore
		ReadMe.md = ReadMe.md
	EndProjectSection
EndProject
Project("{2150E333-8FDC-42A3-9474-1A3956D46DE8}") = "Build", "Build", "{BFC3717C-BAFA-4585-A6A4-124E4CF8444F}"
	ProjectSection(SolutionItems) = preProject
		Build\build-nuget-packages.ps1 = Build\build-nuget-packages.ps1
		Build\push-nuget-packages.ps1 = Build\push-nuget-packages.ps1
	EndProjectSection
EndProject
Project("{2150E333-8FDC-42A3-9474-1A3956D46DE8}") = ".nuget", ".nuget", "{0FF903B1-2664-4231-AAAA-0CD8FF2C03A1}"
	ProjectSection(SolutionItems) = preProject
		.nuget\NuGet.Config = .nuget\NuGet.Config
		.nuget\NuGet.exe = .nuget\NuGet.exe
		.nuget\NuGet.targets = .nuget\NuGet.targets
	EndProjectSection
EndProject
Project("{2150E333-8FDC-42A3-9474-1A3956D46DE8}") = "ICU4C-55.1-bin32", "ICU4C-55.1-bin32", "{321A4337-10D7-4A06-A436-B380328D0C35}"
	ProjectSection(SolutionItems) = preProject
		ICU4C-55.1-bin32\ICU4C-55.1-bin32.nuspec = ICU4C-55.1-bin32\ICU4C-55.1-bin32.nuspec
		ICU4C-55.1-bin32\install.ps1 = ICU4C-55.1-bin32\install.ps1
		ICU4C-55.1-bin32\ReadMe.md = ICU4C-55.1-bin32\ReadMe.md
		ICU4C-55.1-bin32\uninstall.ps1 = ICU4C-55.1-bin32\uninstall.ps1
	EndProjectSection
EndProject
Project("{2150E333-8FDC-42A3-9474-1A3956D46DE8}") = "ICU4C-55.1-lib32", "ICU4C-55.1-lib32", "{2402F562-E1C0-4F70-BD0E-55C32EB73B09}"
	ProjectSection(SolutionItems) = preProject
		ICU4C-55.1-lib32\ICU4C-55.1-lib32.nuspec = ICU4C-55.1-lib32\ICU4C-55.1-lib32.nuspec
		ICU4C-55.1-lib32\install.ps1 = ICU4C-55.1-lib32\install.ps1
		ICU4C-55.1-lib32\ReadMe.md = ICU4C-55.1-lib32\ReadMe.md
		ICU4C-55.1-lib32\uninstall.ps1 = ICU4C-55.1-lib32\uninstall.ps1
	EndProjectSection
EndProject
Global
	GlobalSection(SolutionProperties) = preSolution
		HideSolutionNode = FALSE
	EndGlobalSection
EndGlobal
